
Microsoft Visual Studio Solution File, Format Version 12.00
# Visual Studio Version 17
VisualStudioVersion = 17.4.33213.308
MinimumVisualStudioVersion = 10.0.40219.1
Project("{FAE04EC0-301F-11D3-BF4B-00C04F79EFBC}") = "Econtact", "Econtact\Econtact.csproj", "{AA2ED875-ADBA-468B-A878-DDD1C2BFB911}"
EndProject
Global
	GlobalSection(SolutionConfigurationPlatforms) = preSolution
		Debug|Any CPU = Debug|Any CPU
		Release|Any CPU = Release|Any CPU
	EndGlobalSection
	GlobalSection(ProjectConfigurationPlatforms) = postSolution
		{AA2ED875-ADBA-468B-A878-DDD1C2BFB911}.Debug|Any CPU.ActiveCfg = Debug|Any CPU
		{AA2ED875-ADBA-468B-A878-DDD1C2BFB911}.Debug|Any CPU.Build.0 = Debug|Any CPU
		{AA2ED875-ADBA-468B-A878-DDD1C2BFB911}.Release|Any CPU.ActiveCfg = Release|Any CPU
		{AA2ED875-ADBA-468B-A878-DDD1C2BFB911}.Release|Any CPU.Build.0 = Release|Any CPU
	EndGlobalSection
	GlobalSection(SolutionProperties) = preSolution
		HideSolutionNode = FALSE
	EndGlobalSection
	GlobalSection(ExtensibilityGlobals) = postSolution
		SolutionGuid = {04832675-6E75-437A-B5A7-886535C6838D}
	EndGlobalSection
EndGlobal
